// !$*UTF8*$!
{
	archiveVersion = 1;
	classes = {
	};
	objectVersion = 48;
	objects = {

/* Begin PBXBuildFile section */
		C20A73581FB3B99C00F9858B /* CatArray.swift in Sources */ = {isa = PBXBuildFile; fileRef = C20A73571FB3B99C00F9858B /* CatArray.swift */; };
		C222FADB1FB4627A00DEBD60 /* Signs.swift in Sources */ = {isa = PBXBuildFile; fileRef = C222FADA1FB4627A00DEBD60 /* Signs.swift */; };
		C24619F11F8EA2B800F1444A /* AppDelegate.swift in Sources */ = {isa = PBXBuildFile; fileRef = C24619F01F8EA2B800F1444A /* AppDelegate.swift */; };
		C24619F31F8EA2B800F1444A /* ViewController.swift in Sources */ = {isa = PBXBuildFile; fileRef = C24619F21F8EA2B800F1444A /* ViewController.swift */; };
		C24619F61F8EA2B800F1444A /* Main.storyboard in Resources */ = {isa = PBXBuildFile; fileRef = C24619F41F8EA2B800F1444A /* Main.storyboard */; };
		C24619FB1F8EA2B800F1444A /* LaunchScreen.storyboard in Resources */ = {isa = PBXBuildFile; fileRef = C24619F91F8EA2B800F1444A /* LaunchScreen.storyboard */; };
		C2461A031F9637ED00F1444A /* Default-568h@2x.png in Resources */ = {isa = PBXBuildFile; fileRef = C2461A021F9637ED00F1444A /* Default-568h@2x.png */; };
		C24FCFF91F9CB22F001BA0D5 /* Question.swift in Sources */ = {isa = PBXBuildFile; fileRef = C24FCFF81F9CB22F001BA0D5 /* Question.swift */; };
		C24FD01F1F9D170A001BA0D5 /* QuestionBank.swift in Sources */ = {isa = PBXBuildFile; fileRef = C24FD01E1F9D170A001BA0D5 /* QuestionBank.swift */; };
		C24FD02A1F9D5744001BA0D5 /* ProgressHUD.m in Sources */ = {isa = PBXBuildFile; fileRef = C24FD0281F9D5744001BA0D5 /* ProgressHUD.m */; };
		C24FD02B1F9D5744001BA0D5 /* ProgressHUD.bundle in Resources */ = {isa = PBXBuildFile; fileRef = C24FD0291F9D5744001BA0D5 /* ProgressHUD.bundle */; };
		C24FD02D1FA14DB9001BA0D5 /* Assets.xcassets in Resources */ = {isa = PBXBuildFile; fileRef = C24FD02C1FA14DB9001BA0D5 /* Assets.xcassets */; };
		C24FD0801FACD7A0001BA0D5 /* CatTableViewCell.swift in Sources */ = {isa = PBXBuildFile; fileRef = C24FD07E1FACD7A0001BA0D5 /* CatTableViewCell.swift */; };
		C24FD0811FACD7A0001BA0D5 /* CatTableViewCell.xib in Resources */ = {isa = PBXBuildFile; fileRef = C24FD07F1FACD7A0001BA0D5 /* CatTableViewCell.xib */; };
		C24FD0851FACE170001BA0D5 /* SearchViewController.swift in Sources */ = {isa = PBXBuildFile; fileRef = C24FD0841FACE170001BA0D5 /* SearchViewController.swift */; };
		C24FD0871FACF427001BA0D5 /* SecondSearchViewController.swift in Sources */ = {isa = PBXBuildFile; fileRef = C24FD0861FACF427001BA0D5 /* SecondSearchViewController.swift */; };
		C27224471FB90527000EED55 /* SelectQuizViewController.swift in Sources */ = {isa = PBXBuildFile; fileRef = C27224461FB90527000EED55 /* SelectQuizViewController.swift */; };
		C27224491FB90E41000EED55 /* QuestionStruct.swift in Sources */ = {isa = PBXBuildFile; fileRef = C27224481FB90E41000EED55 /* QuestionStruct.swift */; };
		C272244B1FB90EA2000EED55 /* QuestionArray.swift in Sources */ = {isa = PBXBuildFile; fileRef = C272244A1FB90EA2000EED55 /* QuestionArray.swift */; };
		C2729F8B1FDC125400D9A71B /* CollectionViewLayout.swift in Sources */ = {isa = PBXBuildFile; fileRef = C2729F8A1FDC125400D9A71B /* CollectionViewLayout.swift */; };
		C2729F8D1FDC13C000D9A71B /* DetailView.swift in Sources */ = {isa = PBXBuildFile; fileRef = C2729F8C1FDC13C000D9A71B /* DetailView.swift */; };
		C2729F901FDC179600D9A71B /* CollectionViewCell.swift in Sources */ = {isa = PBXBuildFile; fileRef = C2729F8E1FDC179600D9A71B /* CollectionViewCell.swift */; };
		C2729F911FDC179600D9A71B /* CollectionViewCell.xib in Resources */ = {isa = PBXBuildFile; fileRef = C2729F8F1FDC179600D9A71B /* CollectionViewCell.xib */; };
		C27AFFE41FC0708300524D48 /* twitterBlueColor.swift in Sources */ = {isa = PBXBuildFile; fileRef = C27AFFE31FC0708300524D48 /* twitterBlueColor.swift */; };
		C27AFFE81FC0722600524D48 /* QuizWelcome.swift in Sources */ = {isa = PBXBuildFile; fileRef = C27AFFE71FC0722600524D48 /* QuizWelcome.swift */; };
		C27AFFEA1FC5C5EF00524D48 /* QResult.swift in Sources */ = {isa = PBXBuildFile; fileRef = C27AFFE91FC5C5EF00524D48 /* QResult.swift */; };
		C27AFFEC1FC5DDCB00524D48 /* QuizStats.swift in Sources */ = {isa = PBXBuildFile; fileRef = C27AFFEB1FC5DDCB00524D48 /* QuizStats.swift */; };
		C27AFFED1FC6CBA400524D48 /* UICircularProgressRing.framework in Frameworks */ = {isa = PBXBuildFile; fileRef = C27AFFEE1FC6CBA400524D48 /* UICircularProgressRing.framework */; };
		C27AFFF01FCB82F100524D48 /* signInfoCell.swift in Sources */ = {isa = PBXBuildFile; fileRef = C27AFFEF1FCB82F100524D48 /* signInfoCell.swift */; };
		C2FB0A8E1FDAF1E20027F525 /* ViewAnimator.framework in Frameworks */ = {isa = PBXBuildFile; fileRef = C2FB0A8F1FDAF1E20027F525 /* ViewAnimator.framework */; };
		D74527C1143C317E9BF90E4C /* Pods_Va_gma_rken___Quiz_.framework in Frameworks */ = {isa = PBXBuildFile; fileRef = 36C5789592E1C86DE1A021DA /* Pods_Va_gma_rken___Quiz_.framework */; };
/* End PBXBuildFile section */

/* Begin PBXFileReference section */
		11C982BE52D80B34B1B6B16A /* Pods-Vägmärken - Quiz!.debug.xcconfig */ = {isa = PBXFileReference; includeInIndex = 1; lastKnownFileType = text.xcconfig; name = "Pods-Vägmärken - Quiz!.debug.xcconfig"; path = "Pods/Target Support Files/Pods-Vägmärken - Quiz!/Pods-Vägmärken - Quiz!.debug.xcconfig"; sourceTree = "<group>"; };
		36C5789592E1C86DE1A021DA /* Pods_Va_gma_rken___Quiz_.framework */ = {isa = PBXFileReference; explicitFileType = wrapper.framework; includeInIndex = 0; path = "Pods_Va_gma_rken___Quiz_.framework"; sourceTree = BUILT_PRODUCTS_DIR; };
		795B6E175DA5AE76E1C507F7 /* Pods-Vägmärken - Quiz!.release.xcconfig */ = {isa = PBXFileReference; includeInIndex = 1; lastKnownFileType = text.xcconfig; name = "Pods-Vägmärken - Quiz!.release.xcconfig"; path = "Pods/Target Support Files/Pods-Vägmärken - Quiz!/Pods-Vägmärken - Quiz!.release.xcconfig"; sourceTree = "<group>"; };
		C20A73571FB3B99C00F9858B /* CatArray.swift */ = {isa = PBXFileReference; lastKnownFileType = sourcecode.swift; path = CatArray.swift; sourceTree = "<group>"; };
		C222FADA1FB4627A00DEBD60 /* Signs.swift */ = {isa = PBXFileReference; lastKnownFileType = sourcecode.swift; path = Signs.swift; sourceTree = "<group>"; };
		C24619ED1F8EA2B800F1444A /* Vägmärken - Quiz!.app */ = {isa = PBXFileReference; explicitFileType = wrapper.application; includeInIndex = 0; path = "Vägmärken - Quiz!.app"; sourceTree = BUILT_PRODUCTS_DIR; };
		C24619F01F8EA2B800F1444A /* AppDelegate.swift */ = {isa = PBXFileReference; lastKnownFileType = sourcecode.swift; path = AppDelegate.swift; sourceTree = "<group>"; };
		C24619F21F8EA2B800F1444A /* ViewController.swift */ = {isa = PBXFileReference; lastKnownFileType = sourcecode.swift; path = ViewController.swift; sourceTree = "<group>"; };
		C24619F51F8EA2B800F1444A /* Base */ = {isa = PBXFileReference; lastKnownFileType = file.storyboard; name = Base; path = Base.lproj/Main.storyboard; sourceTree = "<group>"; };
		C24619FA1F8EA2B800F1444A /* Base */ = {isa = PBXFileReference; lastKnownFileType = file.storyboard; name = Base; path = Base.lproj/LaunchScreen.storyboard; sourceTree = "<group>"; };
		C24619FC1F8EA2B800F1444A /* Info.plist */ = {isa = PBXFileReference; lastKnownFileType = text.plist.xml; path = Info.plist; sourceTree = "<group>"; };
		C2461A021F9637ED00F1444A /* Default-568h@2x.png */ = {isa = PBXFileReference; lastKnownFileType = image.png; path = "Default-568h@2x.png"; sourceTree = "<group>"; };
		C24FCFF81F9CB22F001BA0D5 /* Question.swift */ = {isa = PBXFileReference; lastKnownFileType = sourcecode.swift; path = Question.swift; sourceTree = "<group>"; };
		C24FD01E1F9D170A001BA0D5 /* QuestionBank.swift */ = {isa = PBXFileReference; lastKnownFileType = sourcecode.swift; path = QuestionBank.swift; sourceTree = "<group>"; };
		C24FD0261F9D5743001BA0D5 /* Vägmärken - Quiz!-Bridging-Header.h */ = {isa = PBXFileReference; lastKnownFileType = sourcecode.c.h; path = "Vägmärken - Quiz!-Bridging-Header.h"; sourceTree = "<group>"; };
		C24FD0271F9D5743001BA0D5 /* ProgressHUD.h */ = {isa = PBXFileReference; fileEncoding = 4; lastKnownFileType = sourcecode.c.h; path = ProgressHUD.h; sourceTree = "<group>"; };
		C24FD0281F9D5744001BA0D5 /* ProgressHUD.m */ = {isa = PBXFileReference; fileEncoding = 4; lastKnownFileType = sourcecode.c.objc; path = ProgressHUD.m; sourceTree = "<group>"; };
		C24FD0291F9D5744001BA0D5 /* ProgressHUD.bundle */ = {isa = PBXFileReference; lastKnownFileType = "wrapper.plug-in"; path = ProgressHUD.bundle; sourceTree = "<group>"; };
		C24FD02C1FA14DB9001BA0D5 /* Assets.xcassets */ = {isa = PBXFileReference; lastKnownFileType = folder.assetcatalog; path = Assets.xcassets; sourceTree = "<group>"; };
		C24FD07E1FACD7A0001BA0D5 /* CatTableViewCell.swift */ = {isa = PBXFileReference; lastKnownFileType = sourcecode.swift; path = CatTableViewCell.swift; sourceTree = "<group>"; };
		C24FD07F1FACD7A0001BA0D5 /* CatTableViewCell.xib */ = {isa = PBXFileReference; lastKnownFileType = file.xib; path = CatTableViewCell.xib; sourceTree = "<group>"; };
		C24FD0841FACE170001BA0D5 /* SearchViewController.swift */ = {isa = PBXFileReference; fileEncoding = 4; lastKnownFileType = sourcecode.swift; path = SearchViewController.swift; sourceTree = "<group>"; };
		C24FD0861FACF427001BA0D5 /* SecondSearchViewController.swift */ = {isa = PBXFileReference; lastKnownFileType = sourcecode.swift; path = SecondSearchViewController.swift; sourceTree = "<group>"; };
		C27224461FB90527000EED55 /* SelectQuizViewController.swift */ = {isa = PBXFileReference; lastKnownFileType = sourcecode.swift; path = SelectQuizViewController.swift; sourceTree = "<group>"; };
		C27224481FB90E41000EED55 /* QuestionStruct.swift */ = {isa = PBXFileReference; lastKnownFileType = sourcecode.swift; path = QuestionStruct.swift; sourceTree = "<group>"; };
		C272244A1FB90EA2000EED55 /* QuestionArray.swift */ = {isa = PBXFileReference; lastKnownFileType = sourcecode.swift; path = QuestionArray.swift; sourceTree = "<group>"; };
		C2729F8A1FDC125400D9A71B /* CollectionViewLayout.swift */ = {isa = PBXFileReference; lastKnownFileType = sourcecode.swift; path = CollectionViewLayout.swift; sourceTree = "<group>"; };
		C2729F8C1FDC13C000D9A71B /* DetailView.swift */ = {isa = PBXFileReference; lastKnownFileType = sourcecode.swift; path = DetailView.swift; sourceTree = "<group>"; };
		C2729F8E1FDC179600D9A71B /* CollectionViewCell.swift */ = {isa = PBXFileReference; lastKnownFileType = sourcecode.swift; path = CollectionViewCell.swift; sourceTree = "<group>"; };
		C2729F8F1FDC179600D9A71B /* CollectionViewCell.xib */ = {isa = PBXFileReference; lastKnownFileType = file.xib; path = CollectionViewCell.xib; sourceTree = "<group>"; };
		C27AFFE31FC0708300524D48 /* twitterBlueColor.swift */ = {isa = PBXFileReference; lastKnownFileType = sourcecode.swift; path = twitterBlueColor.swift; sourceTree = "<group>"; };
		C27AFFE71FC0722600524D48 /* QuizWelcome.swift */ = {isa = PBXFileReference; lastKnownFileType = sourcecode.swift; path = QuizWelcome.swift; sourceTree = "<group>"; };
		C27AFFE91FC5C5EF00524D48 /* QResult.swift */ = {isa = PBXFileReference; lastKnownFileType = sourcecode.swift; path = QResult.swift; sourceTree = "<group>"; };
		C27AFFEB1FC5DDCB00524D48 /* QuizStats.swift */ = {isa = PBXFileReference; lastKnownFileType = sourcecode.swift; path = QuizStats.swift; sourceTree = "<group>"; };
		C27AFFEE1FC6CBA400524D48 /* UICircularProgressRing.framework */ = {isa = PBXFileReference; explicitFileType = wrapper.framework; path = UICircularProgressRing.framework; sourceTree = BUILT_PRODUCTS_DIR; };
		C27AFFEF1FCB82F100524D48 /* signInfoCell.swift */ = {isa = PBXFileReference; lastKnownFileType = sourcecode.swift; path = signInfoCell.swift; sourceTree = "<group>"; };
		C2FB0A8F1FDAF1E20027F525 /* ViewAnimator.framework */ = {isa = PBXFileReference; explicitFileType = wrapper.framework; path = ViewAnimator.framework; sourceTree = BUILT_PRODUCTS_DIR; };
/* End PBXFileReference section */

/* Begin PBXFrameworksBuildPhase section */
		C24619EA1F8EA2B800F1444A /* Frameworks */ = {
			isa = PBXFrameworksBuildPhase;
			buildActionMask = 2147483647;
			files = (
				C2FB0A8E1FDAF1E20027F525 /* ViewAnimator.framework in Frameworks */,
				C27AFFED1FC6CBA400524D48 /* UICircularProgressRing.framework in Frameworks */,
				D74527C1143C317E9BF90E4C /* Pods_Va_gma_rken___Quiz_.framework in Frameworks */,
			);
			runOnlyForDeploymentPostprocessing = 0;
		};
/* End PBXFrameworksBuildPhase section */

/* Begin PBXGroup section */
		22200FBCCA6B19D9DDFB85B2 /* Frameworks */ = {
			isa = PBXGroup;
			children = (
				C2FB0A8F1FDAF1E20027F525 /* ViewAnimator.framework */,
				C27AFFEE1FC6CBA400524D48 /* UICircularProgressRing.framework */,
				36C5789592E1C86DE1A021DA /* Pods_Va_gma_rken___Quiz_.framework */,
			);
			name = Frameworks;
			sourceTree = "<group>";
		};
		C0737B01F20F02F76E854930 /* Pods */ = {
			isa = PBXGroup;
			children = (
				11C982BE52D80B34B1B6B16A /* Pods-Vägmärken - Quiz!.debug.xcconfig */,
				795B6E175DA5AE76E1C507F7 /* Pods-Vägmärken - Quiz!.release.xcconfig */,
			);
			name = Pods;
			sourceTree = "<group>";
		};
		C24619E41F8EA2B800F1444A = {
			isa = PBXGroup;
			children = (
				C2461A021F9637ED00F1444A /* Default-568h@2x.png */,
				C24619EF1F8EA2B800F1444A /* Vägmärken - Quiz! */,
				C24619EE1F8EA2B800F1444A /* Products */,
				C2461A261F96425A00F1444A /* Supporting Files */,
				C0737B01F20F02F76E854930 /* Pods */,
				22200FBCCA6B19D9DDFB85B2 /* Frameworks */,
			);
			sourceTree = "<group>";
		};
		C24619EE1F8EA2B800F1444A /* Products */ = {
			isa = PBXGroup;
			children = (
				C24619ED1F8EA2B800F1444A /* Vägmärken - Quiz!.app */,
			);
			name = Products;
			sourceTree = "<group>";
		};
		C24619EF1F8EA2B800F1444A /* Vägmärken - Quiz! */ = {
			isa = PBXGroup;
			children = (
				C2461A221F96422700F1444A /* Model */,
				C2461A251F96423C00F1444A /* Controller */,
				C2461A241F96423800F1444A /* View */,
			);
			name = "Vägmärken - Quiz!";
			path = "Vägmärken - Quiz!";
			sourceTree = "<group>";
		};
		C2461A221F96422700F1444A /* Model */ = {
			isa = PBXGroup;
			children = (
				C24619F01F8EA2B800F1444A /* AppDelegate.swift */,
				C24FCFF81F9CB22F001BA0D5 /* Question.swift */,
				C27224481FB90E41000EED55 /* QuestionStruct.swift */,
				C2729F8A1FDC125400D9A71B /* CollectionViewLayout.swift */,
				C2729F8E1FDC179600D9A71B /* CollectionViewCell.swift */,
				C272244A1FB90EA2000EED55 /* QuestionArray.swift */,
				C27AFFE31FC0708300524D48 /* twitterBlueColor.swift */,
				C222FADA1FB4627A00DEBD60 /* Signs.swift */,
				C20A73571FB3B99C00F9858B /* CatArray.swift */,
				C24FD01E1F9D170A001BA0D5 /* QuestionBank.swift */,
				C24FD07E1FACD7A0001BA0D5 /* CatTableViewCell.swift */,
				C27AFFEF1FCB82F100524D48 /* signInfoCell.swift */,
			);
			path = Model;
			sourceTree = "<group>";
		};
		C2461A241F96423800F1444A /* View */ = {
			isa = PBXGroup;
			children = (
				C24619F41F8EA2B800F1444A /* Main.storyboard */,
				C2729F8F1FDC179600D9A71B /* CollectionViewCell.xib */,
				C24FD07F1FACD7A0001BA0D5 /* CatTableViewCell.xib */,
				C24FD02C1FA14DB9001BA0D5 /* Assets.xcassets */,
			);
			path = View;
			sourceTree = "<group>";
		};
		C2461A251F96423C00F1444A /* Controller */ = {
			isa = PBXGroup;
			children = (
				C272244D1FB91180000EED55 /* Quiz */,
				C272244C1FB91164000EED55 /* Searchtable */,
			);
			path = Controller;
			sourceTree = "<group>";
		};
		C2461A261F96425A00F1444A /* Supporting Files */ = {
			isa = PBXGroup;
			children = (
				C24FD0291F9D5744001BA0D5 /* ProgressHUD.bundle */,
				C24FD0271F9D5743001BA0D5 /* ProgressHUD.h */,
				C24FD0281F9D5744001BA0D5 /* ProgressHUD.m */,
				C24619F91F8EA2B800F1444A /* LaunchScreen.storyboard */,
				C24619FC1F8EA2B800F1444A /* Info.plist */,
				C24FD0261F9D5743001BA0D5 /* Vägmärken - Quiz!-Bridging-Header.h */,
			);
			path = "Supporting Files";
			sourceTree = "<group>";
		};
		C272244C1FB91164000EED55 /* Searchtable */ = {
			isa = PBXGroup;
			children = (
				C24FD0841FACE170001BA0D5 /* SearchViewController.swift */,
				C24FD0861FACF427001BA0D5 /* SecondSearchViewController.swift */,
				C2729F8C1FDC13C000D9A71B /* DetailView.swift */,
			);
			path = Searchtable;
			sourceTree = "<group>";
		};
		C272244D1FB91180000EED55 /* Quiz */ = {
			isa = PBXGroup;
			children = (
				C27AFFE71FC0722600524D48 /* QuizWelcome.swift */,
				C27224461FB90527000EED55 /* SelectQuizViewController.swift */,
				C24619F21F8EA2B800F1444A /* ViewController.swift */,
				C27AFFE91FC5C5EF00524D48 /* QResult.swift */,
				C27AFFEB1FC5DDCB00524D48 /* QuizStats.swift */,
			);
			path = Quiz;
			sourceTree = "<group>";
		};
/* End PBXGroup section */

/* Begin PBXNativeTarget section */
		C24619EC1F8EA2B800F1444A /* Vägmärken - Quiz! */ = {
			isa = PBXNativeTarget;
			buildConfigurationList = C24619FF1F8EA2B800F1444A /* Build configuration list for PBXNativeTarget "Vägmärken - Quiz!" */;
			buildPhases = (
				FFAB2D9083C3BEBE27AFF610 /* [CP] Check Pods Manifest.lock */,
				C24619E91F8EA2B800F1444A /* Sources */,
				C24619EA1F8EA2B800F1444A /* Frameworks */,
				C24619EB1F8EA2B800F1444A /* Resources */,
				806431196D3E43109E9FC6B1 /* [CP] Embed Pods Frameworks */,
				C1CE2DD21085D5D7AAA1A696 /* [CP] Copy Pods Resources */,
			);
			buildRules = (
			);
			dependencies = (
			);
			name = "Vägmärken - Quiz!";
			productName = test;
			productReference = C24619ED1F8EA2B800F1444A /* Vägmärken - Quiz!.app */;
			productType = "com.apple.product-type.application";
		};
/* End PBXNativeTarget section */

/* Begin PBXProject section */
		C24619E51F8EA2B800F1444A /* Project object */ = {
			isa = PBXProject;
			attributes = {
				LastSwiftUpdateCheck = 0900;
				LastUpgradeCheck = 0900;
				ORGANIZATIONNAME = "Arman Dadmand";
				TargetAttributes = {
					C24619EC1F8EA2B800F1444A = {
						CreatedOnToolsVersion = 9.0;
						LastSwiftMigration = 0900;
						ProvisioningStyle = Automatic;
					};
				};
			};
			buildConfigurationList = C24619E81F8EA2B800F1444A /* Build configuration list for PBXProject "Vägmärken - Quiz!" */;
			compatibilityVersion = "Xcode 8.0";
			developmentRegion = en;
			hasScannedForEncodings = 0;
			knownRegions = (
				en,
				Base,
			);
			mainGroup = C24619E41F8EA2B800F1444A;
			productRefGroup = C24619EE1F8EA2B800F1444A /* Products */;
			projectDirPath = "";
			projectRoot = "";
			targets = (
				C24619EC1F8EA2B800F1444A /* Vägmärken - Quiz! */,
			);
		};
/* End PBXProject section */

/* Begin PBXResourcesBuildPhase section */
		C24619EB1F8EA2B800F1444A /* Resources */ = {
			isa = PBXResourcesBuildPhase;
			buildActionMask = 2147483647;
			files = (
				C24FD0811FACD7A0001BA0D5 /* CatTableViewCell.xib in Resources */,
				C2729F911FDC179600D9A71B /* CollectionViewCell.xib in Resources */,
				C24619FB1F8EA2B800F1444A /* LaunchScreen.storyboard in Resources */,
				C2461A031F9637ED00F1444A /* Default-568h@2x.png in Resources */,
				C24FD02B1F9D5744001BA0D5 /* ProgressHUD.bundle in Resources */,
				C24619F61F8EA2B800F1444A /* Main.storyboard in Resources */,
				C24FD02D1FA14DB9001BA0D5 /* Assets.xcassets in Resources */,
			);
			runOnlyForDeploymentPostprocessing = 0;
		};
/* End PBXResourcesBuildPhase section */

/* Begin PBXShellScriptBuildPhase section */
		806431196D3E43109E9FC6B1 /* [CP] Embed Pods Frameworks */ = {
			isa = PBXShellScriptBuildPhase;
			buildActionMask = 2147483647;
			files = (
			);
			inputPaths = (
				"${SRCROOT}/Pods/Target Support Files/Pods-Vägmärken - Quiz!/Pods-Vägmärken - Quiz!-frameworks.sh",
				"${BUILT_PRODUCTS_DIR}/UICircularProgressRing/UICircularProgressRing.framework",
				"${BUILT_PRODUCTS_DIR}/ViewAnimator/ViewAnimator.framework",
			);
			name = "[CP] Embed Pods Frameworks";
			outputPaths = (
				"${TARGET_BUILD_DIR}/${FRAMEWORKS_FOLDER_PATH}/UICircularProgressRing.framework",
				"${TARGET_BUILD_DIR}/${FRAMEWORKS_FOLDER_PATH}/ViewAnimator.framework",
			);
			runOnlyForDeploymentPostprocessing = 0;
			shellPath = /bin/sh;
			shellScript = "\"${SRCROOT}/Pods/Target Support Files/Pods-Vägmärken - Quiz!/Pods-Vägmärken - Quiz!-frameworks.sh\"\n";
			showEnvVarsInLog = 0;
		};
		C1CE2DD21085D5D7AAA1A696 /* [CP] Copy Pods Resources */ = {
			isa = PBXShellScriptBuildPhase;
			buildActionMask = 2147483647;
			files = (
			);
			inputPaths = (
			);
			name = "[CP] Copy Pods Resources";
			outputPaths = (
			);
			runOnlyForDeploymentPostprocessing = 0;
			shellPath = /bin/sh;
			shellScript = "\"${SRCROOT}/Pods/Target Support Files/Pods-Vägmärken - Quiz!/Pods-Vägmärken - Quiz!-resources.sh\"\n";
			showEnvVarsInLog = 0;
		};
		FFAB2D9083C3BEBE27AFF610 /* [CP] Check Pods Manifest.lock */ = {
			isa = PBXShellScriptBuildPhase;
			buildActionMask = 2147483647;
			files = (
			);
			inputPaths = (
				"${PODS_PODFILE_DIR_PATH}/Podfile.lock",
				"${PODS_ROOT}/Manifest.lock",
			);
			name = "[CP] Check Pods Manifest.lock";
			outputPaths = (
				"$(DERIVED_FILE_DIR)/Pods-Vägmärken - Quiz!-checkManifestLockResult.txt",
			);
			runOnlyForDeploymentPostprocessing = 0;
			shellPath = /bin/sh;
			shellScript = "diff \"${PODS_PODFILE_DIR_PATH}/Podfile.lock\" \"${PODS_ROOT}/Manifest.lock\" > /dev/null\nif [ $? != 0 ] ; then\n    # print error to STDERR\n    echo \"error: The sandbox is not in sync with the Podfile.lock. Run 'pod install' or update your CocoaPods installation.\" >&2\n    exit 1\nfi\n# This output is used by Xcode 'outputs' to avoid re-running this script phase.\necho \"SUCCESS\" > \"${SCRIPT_OUTPUT_FILE_0}\"\n";
			showEnvVarsInLog = 0;
		};
/* End PBXShellScriptBuildPhase section */

/* Begin PBXSourcesBuildPhase section */
		C24619E91F8EA2B800F1444A /* Sources */ = {
			isa = PBXSourcesBuildPhase;
			buildActionMask = 2147483647;
			files = (
				C20A73581FB3B99C00F9858B /* CatArray.swift in Sources */,
				C27224491FB90E41000EED55 /* QuestionStruct.swift in Sources */,
				C27224471FB90527000EED55 /* SelectQuizViewController.swift in Sources */,
				C24FCFF91F9CB22F001BA0D5 /* Question.swift in Sources */,
				C27AFFEC1FC5DDCB00524D48 /* QuizStats.swift in Sources */,
				C24FD0871FACF427001BA0D5 /* SecondSearchViewController.swift in Sources */,
				C24FD0851FACE170001BA0D5 /* SearchViewController.swift in Sources */,
				C27AFFE81FC0722600524D48 /* QuizWelcome.swift in Sources */,
				C222FADB1FB4627A00DEBD60 /* Signs.swift in Sources */,
				C24FD01F1F9D170A001BA0D5 /* QuestionBank.swift in Sources */,
				C2729F901FDC179600D9A71B /* CollectionViewCell.swift in Sources */,
				C2729F8D1FDC13C000D9A71B /* DetailView.swift in Sources */,
				C24FD0801FACD7A0001BA0D5 /* CatTableViewCell.swift in Sources */,
				C24FD02A1F9D5744001BA0D5 /* ProgressHUD.m in Sources */,
				C27AFFE41FC0708300524D48 /* twitterBlueColor.swift in Sources */,
				C27AFFF01FCB82F100524D48 /* signInfoCell.swift in Sources */,
				C2729F8B1FDC125400D9A71B /* CollectionViewLayout.swift in Sources */,
				C27AFFEA1FC5C5EF00524D48 /* QResult.swift in Sources */,
				C272244B1FB90EA2000EED55 /* QuestionArray.swift in Sources */,
				C24619F31F8EA2B800F1444A /* ViewController.swift in Sources */,
				C24619F11F8EA2B800F1444A /* AppDelegate.swift in Sources */,
			);
			runOnlyForDeploymentPostprocessing = 0;
		};
/* End PBXSourcesBuildPhase section */

/* Begin PBXVariantGroup section */
		C24619F41F8EA2B800F1444A /* Main.storyboard */ = {
			isa = PBXVariantGroup;
			children = (
				C24619F51F8EA2B800F1444A /* Base */,
			);
			name = Main.storyboard;
			sourceTree = "<group>";
		};
		C24619F91F8EA2B800F1444A /* LaunchScreen.storyboard */ = {
			isa = PBXVariantGroup;
			children = (
				C24619FA1F8EA2B800F1444A /* Base */,
			);
			name = LaunchScreen.storyboard;
			sourceTree = "<group>";
		};
/* End PBXVariantGroup section */

/* Begin XCBuildConfiguration section */
		C24619FD1F8EA2B800F1444A /* Debug */ = {
			isa = XCBuildConfiguration;
			buildSettings = {
				ALWAYS_SEARCH_USER_PATHS = NO;
				CLANG_ANALYZER_NONNULL = YES;
				CLANG_ANALYZER_NUMBER_OBJECT_CONVERSION = YES_AGGRESSIVE;
				CLANG_CXX_LANGUAGE_STANDARD = "gnu++14";
				CLANG_CXX_LIBRARY = "libc++";
				CLANG_ENABLE_MODULES = YES;
				CLANG_ENABLE_OBJC_ARC = YES;
				CLANG_WARN_BLOCK_CAPTURE_AUTORELEASING = YES;
				CLANG_WARN_BOOL_CONVERSION = YES;
				CLANG_WARN_COMMA = YES;
				CLANG_WARN_CONSTANT_CONVERSION = YES;
				CLANG_WARN_DIRECT_OBJC_ISA_USAGE = YES_ERROR;
				CLANG_WARN_DOCUMENTATION_COMMENTS = YES;
				CLANG_WARN_EMPTY_BODY = YES;
				CLANG_WARN_ENUM_CONVERSION = YES;
				CLANG_WARN_INFINITE_RECURSION = YES;
				CLANG_WARN_INT_CONVERSION = YES;
				CLANG_WARN_NON_LITERAL_NULL_CONVERSION = YES;
				CLANG_WARN_OBJC_LITERAL_CONVERSION = YES;
				CLANG_WARN_OBJC_ROOT_CLASS = YES_ERROR;
				CLANG_WARN_RANGE_LOOP_ANALYSIS = YES;
				CLANG_WARN_STRICT_PROTOTYPES = YES;
				CLANG_WARN_SUSPICIOUS_MOVE = YES;
				CLANG_WARN_UNGUARDED_AVAILABILITY = YES_AGGRESSIVE;
				CLANG_WARN_UNREACHABLE_CODE = YES;
				CLANG_WARN__DUPLICATE_METHOD_MATCH = YES;
				CODE_SIGN_IDENTITY = "iPhone Developer";
				COPY_PHASE_STRIP = NO;
				DEBUG_INFORMATION_FORMAT = dwarf;
				ENABLE_STRICT_OBJC_MSGSEND = YES;
				ENABLE_TESTABILITY = YES;
				GCC_C_LANGUAGE_STANDARD = gnu11;
				GCC_DYNAMIC_NO_PIC = NO;
				GCC_NO_COMMON_BLOCKS = YES;
				GCC_OPTIMIZATION_LEVEL = 0;
				GCC_PREPROCESSOR_DEFINITIONS = (
					"DEBUG=1",
					"$(inherited)",
				);
				GCC_WARN_64_TO_32_BIT_CONVERSION = YES;
				GCC_WARN_ABOUT_RETURN_TYPE = YES_ERROR;
				GCC_WARN_UNDECLARED_SELECTOR = YES;
				GCC_WARN_UNINITIALIZED_AUTOS = YES_AGGRESSIVE;
				GCC_WARN_UNUSED_FUNCTION = YES;
				GCC_WARN_UNUSED_VARIABLE = YES;
				IPHONEOS_DEPLOYMENT_TARGET = 11.0;
				MTL_ENABLE_DEBUG_INFO = YES;
				ONLY_ACTIVE_ARCH = YES;
				SDKROOT = iphoneos;
				SWIFT_ACTIVE_COMPILATION_CONDITIONS = DEBUG;
				SWIFT_OPTIMIZATION_LEVEL = "-Onone";
			};
			name = Debug;
		};
		C24619FE1F8EA2B800F1444A /* Release */ = {
			isa = XCBuildConfiguration;
			buildSettings = {
				ALWAYS_SEARCH_USER_PATHS = NO;
				CLANG_ANALYZER_NONNULL = YES;
				CLANG_ANALYZER_NUMBER_OBJECT_CONVERSION = YES_AGGRESSIVE;
				CLANG_CXX_LANGUAGE_STANDARD = "gnu++14";
				CLANG_CXX_LIBRARY = "libc++";
				CLANG_ENABLE_MODULES = YES;
				CLANG_ENABLE_OBJC_ARC = YES;
				CLANG_WARN_BLOCK_CAPTURE_AUTORELEASING = YES;
				CLANG_WARN_BOOL_CONVERSION = YES;
				CLANG_WARN_COMMA = YES;
				CLANG_WARN_CONSTANT_CONVERSION = YES;
				CLANG_WARN_DIRECT_OBJC_ISA_USAGE = YES_ERROR;
				CLANG_WARN_DOCUMENTATION_COMMENTS = YES;
				CLANG_WARN_EMPTY_BODY = YES;
				CLANG_WARN_ENUM_CONVERSION = YES;
				CLANG_WARN_INFINITE_RECURSION = YES;
				CLANG_WARN_INT_CONVERSION = YES;
				CLANG_WARN_NON_LITERAL_NULL_CONVERSION = YES;
				CLANG_WARN_OBJC_LITERAL_CONVERSION = YES;
				CLANG_WARN_OBJC_ROOT_CLASS = YES_ERROR;
				CLANG_WARN_RANGE_LOOP_ANALYSIS = YES;
				CLANG_WARN_STRICT_PROTOTYPES = YES;
				CLANG_WARN_SUSPICIOUS_MOVE = YES;
				CLANG_WARN_UNGUARDED_AVAILABILITY = YES_AGGRESSIVE;
				CLANG_WARN_UNREACHABLE_CODE = YES;
				CLANG_WARN__DUPLICATE_METHOD_MATCH = YES;
				CODE_SIGN_IDENTITY = "iPhone Developer";
				COPY_PHASE_STRIP = NO;
				DEBUG_INFORMATION_FORMAT = "dwarf-with-dsym";
				ENABLE_NS_ASSERTIONS = NO;
				ENABLE_STRICT_OBJC_MSGSEND = YES;
				GCC_C_LANGUAGE_STANDARD = gnu11;
				GCC_NO_COMMON_BLOCKS = YES;
				GCC_WARN_64_TO_32_BIT_CONVERSION = YES;
				GCC_WARN_ABOUT_RETURN_TYPE = YES_ERROR;
				GCC_WARN_UNDECLARED_SELECTOR = YES;
				GCC_WARN_UNINITIALIZED_AUTOS = YES_AGGRESSIVE;
				GCC_WARN_UNUSED_FUNCTION = YES;
				GCC_WARN_UNUSED_VARIABLE = YES;
				IPHONEOS_DEPLOYMENT_TARGET = 11.0;
				MTL_ENABLE_DEBUG_INFO = NO;
				SDKROOT = iphoneos;
				SWIFT_OPTIMIZATION_LEVEL = "-Owholemodule";
				VALIDATE_PRODUCT = YES;
			};
			name = Release;
		};
		C2461A001F8EA2B800F1444A /* Debug */ = {
			isa = XCBuildConfiguration;
			baseConfigurationReference = 11C982BE52D80B34B1B6B16A /* Pods-Vägmärken - Quiz!.debug.xcconfig */;
			buildSettings = {
				ASSETCATALOG_COMPILER_APPICON_NAME = AppIcon;
				CLANG_ENABLE_MODULES = YES;
				CODE_SIGN_STYLE = Automatic;
				DEVELOPMENT_TEAM = U9W4TKG576;
				INFOPLIST_FILE = "$(SRCROOT)/Supporting Files/Info.plist";
				LD_RUNPATH_SEARCH_PATHS = "$(inherited) @executable_path/Frameworks";
				PRODUCT_BUNDLE_IDENTIFIER = com.ArmanDadmand.test;
				PRODUCT_NAME = "$(TARGET_NAME)";
				SWIFT_OBJC_BRIDGING_HEADER = "Supporting Files/Vägmärken - Quiz!-Bridging-Header.h";
				SWIFT_OPTIMIZATION_LEVEL = "-Onone";
				SWIFT_VERSION = 4.0;
				TARGETED_DEVICE_FAMILY = "1,2";
			};
			name = Debug;
		};
		C2461A011F8EA2B800F1444A /* Release */ = {
			isa = XCBuildConfiguration;
			baseConfigurationReference = 795B6E175DA5AE76E1C507F7 /* Pods-Vägmärken - Quiz!.release.xcconfig */;
			buildSettings = {
				ASSETCATALOG_COMPILER_APPICON_NAME = AppIcon;
				CLANG_ENABLE_MODULES = YES;
				CODE_SIGN_STYLE = Automatic;
				DEVELOPMENT_TEAM = U9W4TKG576;
				INFOPLIST_FILE = "$(SRCROOT)/Supporting Files/Info.plist";
				LD_RUNPATH_SEARCH_PATHS = "$(inherited) @executable_path/Frameworks";
				PRODUCT_BUNDLE_IDENTIFIER = com.ArmanDadmand.test;
				PRODUCT_NAME = "$(TARGET_NAME)";
				SWIFT_OBJC_BRIDGING_HEADER = "Supporting Files/Vägmärken - Quiz!-Bridging-Header.h";
				SWIFT_VERSION = 4.0;
				TARGETED_DEVICE_FAMILY = "1,2";
			};
			name = Release;
		};
/* End XCBuildConfiguration section */

/* Begin XCConfigurationList section */
		C24619E81F8EA2B800F1444A /* Build configuration list for PBXProject "Vägmärken - Quiz!" */ = {
			isa = XCConfigurationList;
			buildConfigurations = (
				C24619FD1F8EA2B800F1444A /* Debug */,
				C24619FE1F8EA2B800F1444A /* Release */,
			);
			defaultConfigurationIsVisible = 0;
			defaultConfigurationName = Release;
		};
		C24619FF1F8EA2B800F1444A /* Build configuration list for PBXNativeTarget "Vägmärken - Quiz!" */ = {
			isa = XCConfigurationList;
			buildConfigurations = (
				C2461A001F8EA2B800F1444A /* Debug */,
				C2461A011F8EA2B800F1444A /* Release */,
			);
			defaultConfigurationIsVisible = 0;
			defaultConfigurationName = Release;
		};
/* End XCConfigurationList section */
	};
	rootObject = C24619E51F8EA2B800F1444A /* Project object */;
}
